# Generated from packaging/soapy/environment.yml.
# platform: osx-64
@EXPLICIT
https://conda.anaconda.org/conda-forge/noarch/python_abi-3.14-9_cp314.conda#350d89b50d7de805abf2e63e29dee451
https://conda.anaconda.org/conda-forge/noarch/tzdata-2026c-h151e31d_0.conda#fcb489df604d100968b737f2cb6076c6
https://conda.anaconda.org/conda-forge/osx-64/bzip2-1.0.8-h374f1ed_10.conda#9d9a39212a876e4bb751c1cc3927b678
https://conda.anaconda.org/conda-forge/noarch/ca-certificates-2026.7.22-hbd8a1cb_0.conda#0f51e2391ade309db462a55611263e9c
https://conda.anaconda.org/conda-forge/osx-64/libcxx-23.1.1-h19cb2f5_0.conda#23a540fb2961933d47ad411c9a679385
https://conda.anaconda.org/conda-forge/osx-64/libexpat-2.8.1-hcc62823_1.conda#dcfdea7b7013beef0a4d744d776ea38f
https://conda.anaconda.org/conda-forge/osx-64/libffi-3.7.0-h6b3a05b_1.conda#e077b71ae65754eda067e4125364b905
https://conda.anaconda.org/conda-forge/osx-64/liblzma-5.8.3-hbb4bfdb_1.conda#daf49067580fbfeae3ac7f9535400494
https://conda.anaconda.org/conda-forge/osx-64/libmpdec-4.0.0-ha1e9b39_2.conda#b10a43915a31193e06b2781b9d11aec3
https://conda.anaconda.org/conda-forge/osx-64/libusb-1.0.29-h2287256_0.conda#e5d5fd6235a259665d7652093dc7d6f1
https://conda.anaconda.org/conda-forge/osx-64/libzlib-1.3.2-hbb4bfdb_3.conda#7d3fa28263bb7f8ea32db11f570a5bb6
https://conda.anaconda.org/conda-forge/osx-64/ncurses-6.6-hcc0dc9a_1.conda#88a79390f87c8f3334b9999a892e78d4
https://conda.anaconda.org/conda-forge/osx-64/libairspy-1.0.10-h6e16a3a_1.conda#7e803ea72f42dc4369c5ebee111e8ec5
https://conda.anaconda.org/conda-forge/osx-64/libairspyhf-1.6.8-h6e16a3a_1.conda#bf0d71747898f26d1fef38946cb76af7
https://conda.anaconda.org/conda-forge/osx-64/libbladerf2-2025.10-hebd9441_0.conda#6aa10280aa35f6de2d80a7495fbc6577
https://conda.anaconda.org/conda-forge/osx-64/liblimesuite-23.11.0-hcc62823_4.conda#7d94093a8c669f6f03456cdf2b789130
https://conda.anaconda.org/conda-forge/osx-64/libpython-3.14.7-hfe304d0_106_cp314.conda#186a99fb514373907206c453031c3938
https://conda.anaconda.org/conda-forge/osx-64/libsqlite-3.53.4-ha5db789_1.conda#254c302876eacc77a4682b3fa6f72385
https://conda.anaconda.org/conda-forge/osx-64/openssl-3.6.4-h332eb6d_0.conda#7a1b628e987d25df3ac6986d45bb0979
https://conda.anaconda.org/conda-forge/osx-64/readline-8.3-h000c2f7_1.conda#434eb49340f57827ef7ca3bb21f77c32
https://conda.anaconda.org/conda-forge/osx-64/tk-8.6.13-ha6c374e_4.conda#71c9f1f0267f2639523e898c6b50a4dc
https://conda.anaconda.org/conda-forge/osx-64/zstd-1.5.7-hbc1a06c_7.conda#c1d11f04327e40537ffe6cad5b131019
https://conda.anaconda.org/conda-forge/osx-64/python-3.14.7-hafa0b4b_106_cp314.conda#148a7a307869b0f1e4560ec5400d29bb
https://conda.anaconda.org/conda-forge/osx-64/soapysdr-0.8.1-py314h6746629_7.conda#7ef1a204cf22b3b6d21ba6fd611a8490
https://conda.anaconda.org/conda-forge/osx-64/soapysdr-module-airspy-0.2.0-ha64c28d_0.tar.bz2#b59403f2f4c2a8a5e63e1c85eac94721
https://conda.anaconda.org/conda-forge/osx-64/soapysdr-module-airspyhf-0.2.0-ha64c28d_0.tar.bz2#db15c5581723856f829b15729a93b61b
https://conda.anaconda.org/conda-forge/osx-64/soapysdr-module-bladerf-0.4.2-hc7e36d0_0.conda#444cfbd5bd4cb3c7c2351de844255a5c
https://conda.anaconda.org/conda-forge/osx-64/soapysdr-module-lms7-23.11.0-hc0bd658_4.conda#0db7c78c66fd7cf62623f2e13c85647e
https://conda.anaconda.org/conda-forge/osx-64/soapysdr-module-remote-0.5.2-ha64c28d_2.tar.bz2#b46013cf640ecbe5bfb5ecb01d53561c
