# Generated from packaging/soapy/environment.yml.
# platform: linux-64
@EXPLICIT
https://conda.anaconda.org/conda-forge/noarch/python_abi-3.14-8_cp314.conda#0539938c55b6b1a59b560e843ad864a4
https://conda.anaconda.org/conda-forge/noarch/tzdata-2026c-h151e31d_0.conda#fcb489df604d100968b737f2cb6076c6
https://conda.anaconda.org/conda-forge/noarch/ca-certificates-2026.7.22-hbd8a1cb_0.conda#0f51e2391ade309db462a55611263e9c
https://conda.anaconda.org/conda-forge/linux-64/libzlib-1.3.2-h25fd6f3_3.conda#0de0122d9570a8ab637c6b73db268389
https://conda.anaconda.org/conda-forge/linux-64/libgomp-16.1.0-he0feb66_1.conda#88f2d91cb1533194c323534253094d23
https://conda.anaconda.org/conda-forge/linux-64/zstd-1.5.7-hb78ec9c_7.conda#aa459086047c0e5e27023ab19f8cb86a
https://conda.anaconda.org/conda-forge/linux-64/_openmp_mutex-4.5-20_gnu.conda#a9f577daf3de00bca7c3c76c0ecbd1de
https://conda.anaconda.org/conda-forge/linux-64/ld_impl_linux-64-2.46.1-default_hbd61a6d_102.conda#449500f2c089da11c40f5c21312e3e07
https://conda.anaconda.org/conda-forge/linux-64/libgcc-16.1.0-ha9f2e26_1.conda#5a7d954665c707c93311657cd779c705
https://conda.anaconda.org/conda-forge/linux-64/tk-8.6.13-noxft_hd70dff1_3.conda#48a1049e710857572fc2a832aa394d9f
https://conda.anaconda.org/conda-forge/linux-64/libiconv-1.18-h3b78370_2.conda#915f5995e94f60e9a4826e0b0920ee88
https://conda.anaconda.org/conda-forge/linux-64/libcap-2.78-h084b8d7_1.conda#5db514adf5f843126ff846d1510f22a4
https://conda.anaconda.org/conda-forge/linux-64/bzip2-1.0.8-hda65f42_10.conda#e675fabcf81499adc7edf58124fb1e01
https://conda.anaconda.org/conda-forge/linux-64/libexpat-2.8.1-hecca717_1.conda#b24d3c612f71e7aa74158d92106318b2
https://conda.anaconda.org/conda-forge/linux-64/openssl-3.6.3-h35e630c_1.conda#c5955c27917ff2234def47f075e71e02
https://conda.anaconda.org/conda-forge/linux-64/libmpdec-4.0.0-hb03c661_1.conda#2c21e66f50753a083cbe6b80f38268fa
https://conda.anaconda.org/conda-forge/linux-64/liblzma-5.8.3-hb03c661_1.conda#1390b7c5ac0b1d8e447bc5efa6d3c8c2
https://conda.anaconda.org/conda-forge/linux-64/ncurses-6.6-hdb14827_1.conda#ee6c0cd80a60961a1f48aa3e0b91f986
https://conda.anaconda.org/conda-forge/linux-64/libuuid-2.42.2-h5347b49_0.conda#01bb81d12c957de066ea7362007df642
https://conda.anaconda.org/conda-forge/linux-64/libffi-3.7.0-h3435931_0.conda#0abe40a9880086ca4d2e5daf09dceff9
https://conda.anaconda.org/conda-forge/linux-64/libgcc-ng-16.1.0-h69a702a_1.conda#7ed870c014a6f23c7dfafda53d2763a9
https://conda.anaconda.org/conda-forge/linux-64/libstdcxx-16.1.0-h934c35e_1.conda#aed6cf89adc1e9b846e4367ac538e434
https://conda.anaconda.org/conda-forge/linux-64/libudev1-261.2-h6f4a2f1_0.conda#6f0fe22fab3d7e1fa244c6b59c710530
https://conda.anaconda.org/conda-forge/linux-64/readline-8.3-h853b02a_0.conda#d7d95fc8287ea7bf33e0e7116d2b95ec
https://conda.anaconda.org/conda-forge/linux-64/libaio-0.3.113-h166bdaf_0.tar.bz2#06656768fe0cb08ee3ccc231a1aaf365
https://conda.anaconda.org/conda-forge/linux-64/icu-78.3-py310h44b86e0_2.conda#72a381cbad04f24b1c2a43ef707f45b4
https://conda.anaconda.org/conda-forge/linux-64/libstdcxx-ng-16.1.0-hdf11a46_1.conda#c94f06123272d8e129d4acf3a25ffb35
https://conda.anaconda.org/conda-forge/linux-64/libusb-1.0.29-h73b1eb8_0.conda#d17e3fb595a9f24fa9e149239a33475d
https://conda.anaconda.org/conda-forge/linux-64/libsqlite-3.53.4-hf4e2dac_0.conda#df088a279cd5e6fd2790b4c196434da1
https://conda.anaconda.org/conda-forge/linux-64/libxml2-16-2.15.3-hca6bf5a_0.conda#e79d2c2f24b027aa8d5ab1b1ba3061e7
https://conda.anaconda.org/conda-forge/linux-64/libbladerf2-2024.05-hb9d3cd8_2.conda#f421adb97bfbf93d2e8a38fa133c6572
https://conda.anaconda.org/conda-forge/linux-64/libhackrf0-2026.01.3-hb03c661_0.conda#68303988b2e6551d2ec847d06530b5b8
https://conda.anaconda.org/conda-forge/linux-64/rtl-sdr-2.0.2-hb9d3cd8_3.conda#31ae1789dfe31dde88a725149f582f6f
https://conda.anaconda.org/conda-forge/linux-64/libairspyhf-1.6.8-hb9d3cd8_1.conda#2987b6e631f9b536bdec3680a7e2142b
https://conda.anaconda.org/conda-forge/linux-64/libairspy-1.0.10-hb9d3cd8_1.conda#48c5163cb52768fa3b2ac307789e4dee
https://conda.anaconda.org/conda-forge/linux-64/liblimesuite-23.11.0-hecca717_4.conda#d9fe1c35660c635181973d4557af50e1
https://conda.anaconda.org/conda-forge/linux-64/python-3.14.6-h242f9ac_102_cp314.conda#9b6c336ef7195fbee1c10c09bfcf901b
https://conda.anaconda.org/conda-forge/linux-64/libxml2-2.15.3-h49c6c72_0.conda#995d8c8bad2a3cc8db14675a153dec2b
https://conda.anaconda.org/conda-forge/linux-64/soapysdr-0.8.1-py314ha559402_6.conda#e775d93b576a66ffd11dfb6741d156eb
https://conda.anaconda.org/conda-forge/linux-64/libiio-c-0.26-h64cf0e2_2.conda#9d9f08327b41360823c56408b3f841bf
https://conda.anaconda.org/conda-forge/linux-64/soapysdr-module-rtlsdr-0.3.3-h403070d_3.conda#1ec995a454517ea9d7c38a514b4630db
https://conda.anaconda.org/conda-forge/linux-64/soapysdr-module-lms7-23.11.0-hcc3b71a_4.conda#b8fe4a9547164d965c88135391ae4e8d
https://conda.anaconda.org/conda-forge/linux-64/soapysdr-module-remote-0.5.2-hee64af1_2.tar.bz2#7d044c01398c2c14525f21f159c3dd71
https://conda.anaconda.org/conda-forge/linux-64/soapysdr-module-hackrf-0.3.4-hee64af1_0.tar.bz2#0b2c78d40670de782eb2df4ceb733df4
https://conda.anaconda.org/conda-forge/linux-64/soapysdr-module-bladerf-0.4.2-h403070d_0.conda#f03cd5697d2b183390600fb9bd540472
https://conda.anaconda.org/conda-forge/linux-64/soapysdr-module-airspyhf-0.2.0-hee64af1_0.tar.bz2#8ea0a8625e6ce55767f9aa8f7bdc3d89
https://conda.anaconda.org/conda-forge/linux-64/soapysdr-module-airspy-0.2.0-hee64af1_0.tar.bz2#d9558641741a29473c3b182fdc35e70f
https://conda.anaconda.org/conda-forge/linux-64/libad9361-iio-c-0.3-hf8c384f_1.conda#bdf80a5f524b9ef990fec7b87182fe4a
https://conda.anaconda.org/conda-forge/linux-64/soapysdr-module-plutosdr-0.2.2-hf8ba673_1.conda#6e05355cfb8219048ce6fc619739e6aa
