# Generated from packaging/soapy/environment.yml.
# platform: linux-aarch64
@EXPLICIT
https://conda.anaconda.org/conda-forge/noarch/python_abi-3.14-8_cp314.conda#0539938c55b6b1a59b560e843ad864a4
https://conda.anaconda.org/conda-forge/noarch/tzdata-2026c-h151e31d_0.conda#fcb489df604d100968b737f2cb6076c6
https://conda.anaconda.org/conda-forge/noarch/ca-certificates-2026.7.22-hbd8a1cb_0.conda#0f51e2391ade309db462a55611263e9c
https://conda.anaconda.org/conda-forge/linux-aarch64/libzlib-1.3.2-hdc9db2a_3.conda#bd534c2fbe56d8c2ea3b2d8f5e12bca8
https://conda.anaconda.org/conda-forge/linux-aarch64/libgomp-16.1.0-h8acb6b2_1.conda#4c9b02fc9fe27704777e260157003653
https://conda.anaconda.org/conda-forge/linux-aarch64/zstd-1.5.7-h9d15635_7.conda#d942e34ac3920ba83f8b2d0169570187
https://conda.anaconda.org/conda-forge/linux-aarch64/_openmp_mutex-4.5-20_gnu.conda#468fd3bb9e1f671d36c2cbc677e56f1d
https://conda.anaconda.org/conda-forge/linux-aarch64/ld_impl_linux-aarch64-2.46.1-default_h1979696_102.conda#489444d0acb2a579d2a002d85a08c059
https://conda.anaconda.org/conda-forge/linux-aarch64/libgcc-16.1.0-h205dda4_1.conda#91eb209af1098d652fc69b8a3fc7cbaa
https://conda.anaconda.org/conda-forge/linux-aarch64/tk-8.6.13-noxft_h5cf4473_3.conda#89e78452e06563964e419059ee45584a
https://conda.anaconda.org/conda-forge/linux-aarch64/libiconv-1.18-h90929bb_2.conda#5a86bf847b9b926f3a4f203339748d78
https://conda.anaconda.org/conda-forge/linux-aarch64/libsqlite-3.53.4-h022381a_0.conda#99898219505ff142be5734dc6fa0d900
https://conda.anaconda.org/conda-forge/linux-aarch64/libcap-2.78-hfcc8634_1.conda#5e347c665a310b4c148bbb02596ae0c3
https://conda.anaconda.org/conda-forge/linux-aarch64/bzip2-1.0.8-h4777abc_10.conda#fd544ef1c672d645bf78e5819cbb8f91
https://conda.anaconda.org/conda-forge/linux-aarch64/libexpat-2.8.1-hfae3067_1.conda#fac3b65a605cd253037fdf3daf2de8d9
https://conda.anaconda.org/conda-forge/linux-aarch64/openssl-3.6.3-h546c87b_1.conda#1600dfde78c5adba306f8571af62a323
https://conda.anaconda.org/conda-forge/linux-aarch64/libmpdec-4.0.0-he30d5cf_1.conda#7b9813e885482e3ccb1fa212b86d7fd0
https://conda.anaconda.org/conda-forge/linux-aarch64/liblzma-5.8.3-he30d5cf_1.conda#e0e6411a60d00186eec7c73f4118ab67
https://conda.anaconda.org/conda-forge/linux-aarch64/ncurses-6.6-h2b6f883_1.conda#c3b4349171ca987ff33a1de61f7b3f96
https://conda.anaconda.org/conda-forge/linux-aarch64/libuuid-2.42.2-h1022ec0_0.conda#58fa42bc4bc71fc329889497ec15effb
https://conda.anaconda.org/conda-forge/linux-aarch64/libffi-3.7.0-h376a255_0.conda#81aedbde3ea118c602e8b289bf565ac5
https://conda.anaconda.org/conda-forge/linux-aarch64/libgcc-ng-16.1.0-he9431aa_1.conda#e4489d8717b51cee8a33f2b66d10fa6a
https://conda.anaconda.org/conda-forge/linux-aarch64/libstdcxx-16.1.0-hef695bb_1.conda#0bfd287b881e05351a01c7ebf7bf8f1b
https://conda.anaconda.org/conda-forge/linux-aarch64/libudev1-261.2-hb290c7d_0.conda#0e392b0258a4776c43106cbdcf2546c6
https://conda.anaconda.org/conda-forge/linux-aarch64/libxml2-16-2.15.3-h064b767_0.conda#876c5457664559cdc67c4ac71e2945cb
https://conda.anaconda.org/conda-forge/linux-aarch64/readline-8.3-hb682ff5_0.conda#3d49cad61f829f4f0e0611547a9cda12
https://conda.anaconda.org/conda-forge/linux-aarch64/libaio-0.3.113-h4e544f5_0.tar.bz2#68c6c8918196fb068d03d73662f5b356
https://conda.anaconda.org/conda-forge/linux-aarch64/libstdcxx-ng-16.1.0-hdbbeba8_1.conda#a728408241f9db99bad0d1642c908714
https://conda.anaconda.org/conda-forge/linux-aarch64/libusb-1.0.29-h06eaf92_0.conda#9a86e7473e16fe25c5c47f6c1376ac82
https://conda.anaconda.org/conda-forge/linux-aarch64/libxml2-2.15.3-h9ba8346_0.conda#15078261d03e3c3c83a42df605f7f34a
https://conda.anaconda.org/conda-forge/linux-aarch64/python-3.14.6-h1a34557_102_cp314.conda#cf7e3cad841cc2a70936dc4236ff2af4
https://conda.anaconda.org/conda-forge/linux-aarch64/libbladerf2-2024.05-h86ecc28_2.conda#6aec88fd7c2a337e261a114328371876
https://conda.anaconda.org/conda-forge/linux-aarch64/libhackrf0-2026.01.3-he30d5cf_0.conda#28f98ef9925a34fda0572fef18484137
https://conda.anaconda.org/conda-forge/linux-aarch64/rtl-sdr-2.0.2-h86ecc28_3.conda#0c5e7acad0401735cef2e247b24add04
https://conda.anaconda.org/conda-forge/linux-aarch64/libairspy-1.0.10-h86ecc28_1.conda#3f4a8c1802951f80496643595533a502
https://conda.anaconda.org/conda-forge/linux-aarch64/libairspyhf-1.6.8-h86ecc28_1.conda#ef798a95759bd9363bfd8fb02e06d430
https://conda.anaconda.org/conda-forge/linux-aarch64/liblimesuite-23.11.0-hfae3067_4.conda#cb3b9ce2bbc496923edb95146649cf20
https://conda.anaconda.org/conda-forge/linux-aarch64/libiio-c-0.26-hb758c3b_2.conda#c4d6d220e72c43851f8ed0490cafbdb5
https://conda.anaconda.org/conda-forge/linux-aarch64/soapysdr-0.8.1-py314hcf29eb2_6.conda#45c0b089a23ac33fc7bbb59d9348f56d
https://conda.anaconda.org/conda-forge/linux-aarch64/libad9361-iio-c-0.3-hc0d44b4_1.conda#980a9635a17e8cfeb57f9c492bee70c0
https://conda.anaconda.org/conda-forge/linux-aarch64/soapysdr-module-rtlsdr-0.3.3-ha3ad352_3.conda#74abd5bce63dc8f868f7dff64e992bed
https://conda.anaconda.org/conda-forge/linux-aarch64/soapysdr-module-lms7-23.11.0-h4ada7ea_4.conda#90ad01a2eb3b0c9ab71f9ae55fe68d5f
https://conda.anaconda.org/conda-forge/linux-aarch64/soapysdr-module-remote-0.5.2-he88f3d8_2.tar.bz2#10661218518a8bc2fb358951f9ff0225
https://conda.anaconda.org/conda-forge/linux-aarch64/soapysdr-module-hackrf-0.3.4-he88f3d8_0.tar.bz2#9a4681b61b151178c67a9ae9dc9e9bbd
https://conda.anaconda.org/conda-forge/linux-aarch64/soapysdr-module-bladerf-0.4.2-ha3ad352_0.conda#aecc5e5914fce2b76bbbdf276c24c8d1
https://conda.anaconda.org/conda-forge/linux-aarch64/soapysdr-module-airspyhf-0.2.0-he88f3d8_0.tar.bz2#2ed4cfaabc5de14423861dbfae27902f
https://conda.anaconda.org/conda-forge/linux-aarch64/soapysdr-module-airspy-0.2.0-he88f3d8_0.tar.bz2#b1ca31a6c7f13ad6637eccd97c57ae28
https://conda.anaconda.org/conda-forge/linux-aarch64/soapysdr-module-plutosdr-0.2.2-h0dffcbf_1.conda#9dd41a12e866e66bbc05308f38f73ca5
