# Generated from packaging/soapy/environment.yml.
# platform: win-64
@EXPLICIT
https://conda.anaconda.org/conda-forge/noarch/python_abi-3.14-9_cp314.conda#350d89b50d7de805abf2e63e29dee451
https://conda.anaconda.org/conda-forge/noarch/tzdata-2026c-h151e31d_0.conda#fcb489df604d100968b737f2cb6076c6
https://conda.anaconda.org/conda-forge/win-64/ucrt-10.0.26100.0-h57928b3_0.conda#71b24316859acd00bdb8b38f5e2ce328
https://conda.anaconda.org/conda-forge/noarch/ca-certificates-2026.7.22-h4c7d964_0.conda#e27d2ac27b096dc51fedfcf775a53f9b
https://conda.anaconda.org/conda-forge/win-64/libwinpthread-12.0.0.r4.gg4f2fc60ca-h57928b3_10.conda#8a86073cf3b343b87d03f41790d8b4e5
https://conda.anaconda.org/conda-forge/win-64/vcomp14-14.51.36247-habf1de7_41.conda#350bb67a5c8e5f1c53347ac544ab6600
https://conda.anaconda.org/conda-forge/win-64/vc14_runtime-14.51.36247-habf1de7_41.conda#ac5333bb3d429361f23adf704cc49a78
https://conda.anaconda.org/conda-forge/win-64/vc-14.5-ha367084_41.conda#aa805b5522c2a98fa286e551a1f48546
https://conda.anaconda.org/conda-forge/win-64/vs2015_runtime-14.51.36247-h633cb9f_41.conda#21504569fa34b5d3a67760219e3ff1cc
https://conda.anaconda.org/conda-forge/win-64/bzip2-1.0.8-h0ad9c76_10.conda#c3301c058362f340100d91cd8be0393f
https://conda.anaconda.org/conda-forge/win-64/libexpat-2.8.1-hac47afa_1.conda#ccc490c81ffe14181861beac0e8f3169
https://conda.anaconda.org/conda-forge/win-64/libffi-3.7.0-h3d046cb_1.conda#ceb38b0ba900847d8da4289c3c8e5708
https://conda.anaconda.org/conda-forge/win-64/liblzma-5.8.3-hfd05255_1.conda#880a0c8549479b198af21ba5dc49b109
https://conda.anaconda.org/conda-forge/win-64/libmpdec-4.0.0-hfd05255_2.conda#5ae92fd6614edd024576e14069d7ad4c
https://conda.anaconda.org/conda-forge/win-64/libpython-3.14.7-h4f90d01_106_cp314.conda#2d48db2a15a7b768bb563d2675c99b2c
https://conda.anaconda.org/conda-forge/win-64/libsqlite-3.53.4-hf5d6505_1.conda#a72d495965b144bb7da033642d389047
https://conda.anaconda.org/conda-forge/win-64/libusb-1.0.29-h1839187_0.conda#a656b2c367405cd24988cf67ff2675aa
https://conda.anaconda.org/conda-forge/win-64/libzlib-1.3.2-hfd05255_3.conda#5d2ff29d465097458cc3ff6569151991
https://conda.anaconda.org/conda-forge/win-64/openssl-3.6.4-hf411b9b_0.conda#73cb1783f47c452be4c309430fbef89f
https://conda.anaconda.org/conda-forge/win-64/tk-8.6.13-h967ab96_4.conda#dd9eb33c99d352b6356f86964d6040f7
https://conda.anaconda.org/conda-forge/win-64/libairspy-1.0.10-h2466b09_1.conda#67624c2e6b59453ccdd8db2aaeb659b7
https://conda.anaconda.org/conda-forge/win-64/libairspyhf-1.6.8-h2466b09_1.conda#9a684507879ae6ab8c0d7d812db02398
https://conda.anaconda.org/conda-forge/win-64/libbladerf2-2025.10-h5112557_0.conda#006053b9695cd7724e85c924f3d4583e
https://conda.anaconda.org/conda-forge/win-64/liblimesuite-23.11.0-hac47afa_4.conda#0b1c9f9afe0ef977069c01e98fe26de3
https://conda.anaconda.org/conda-forge/win-64/zstd-1.5.7-h534d264_7.conda#e4ac308c39d6d0e131154976da67cf3b
https://conda.anaconda.org/conda-forge/win-64/python-3.14.7-h53f6dd8_106_cp314.conda#df0b471269a379db0262256e332c1e7c
https://conda.anaconda.org/conda-forge/win-64/soapysdr-0.8.1-py314h2789de5_7.conda#32da9124ba6a3bdc2b3cc1eae1d87ca0
https://conda.anaconda.org/conda-forge/win-64/soapysdr-module-airspy-0.2.0-h23704b7_0.tar.bz2#438df427a47086858b8e020ae4cb5500
https://conda.anaconda.org/conda-forge/win-64/soapysdr-module-airspyhf-0.2.0-h23704b7_0.tar.bz2#a6681b932193fa3964d97d7b6fbe3a30
https://conda.anaconda.org/conda-forge/win-64/soapysdr-module-bladerf-0.4.2-h0644a59_0.conda#0b74358247ac0f1e7bfd769ecdc84f2d
https://conda.anaconda.org/conda-forge/win-64/soapysdr-module-lms7-23.11.0-h5dde855_4.conda#ec8ff4537591029c67cd008547b71920
https://conda.anaconda.org/conda-forge/win-64/soapysdr-module-remote-0.5.2-h23704b7_2.tar.bz2#d591decb33cd0c3ad25aa0e3b207df89
