# Generated from packaging/soapy/environment.yml.
# platform: osx-64
@EXPLICIT
https://conda.anaconda.org/conda-forge/noarch/python_abi-3.14-8_cp314.conda#0539938c55b6b1a59b560e843ad864a4
https://conda.anaconda.org/conda-forge/noarch/tzdata-2026c-h151e31d_0.conda#fcb489df604d100968b737f2cb6076c6
https://conda.anaconda.org/conda-forge/noarch/ca-certificates-2026.7.22-hbd8a1cb_0.conda#0f51e2391ade309db462a55611263e9c
https://conda.anaconda.org/conda-forge/osx-64/libusb-1.0.29-h2287256_0.conda#e5d5fd6235a259665d7652093dc7d6f1
https://conda.anaconda.org/conda-forge/osx-64/libcxx-22.1.8-h19cb2f5_0.conda#0f600157f28fc7bc9549ecafdfa5bc12
https://conda.anaconda.org/conda-forge/osx-64/libffi-3.7.0-h8c408c4_0.conda#b85d1868b8d9af5306443978da2961d6
https://conda.anaconda.org/conda-forge/osx-64/libzlib-1.3.2-hbb4bfdb_3.conda#7d3fa28263bb7f8ea32db11f570a5bb6
https://conda.anaconda.org/conda-forge/osx-64/ncurses-6.6-hcc0dc9a_1.conda#88a79390f87c8f3334b9999a892e78d4
https://conda.anaconda.org/conda-forge/osx-64/liblzma-5.8.3-hbb4bfdb_1.conda#daf49067580fbfeae3ac7f9535400494
https://conda.anaconda.org/conda-forge/osx-64/libmpdec-4.0.0-hf3981d6_1.conda#ec88ba8a245855935b871a7324373105
https://conda.anaconda.org/conda-forge/osx-64/libexpat-2.8.1-hcc62823_1.conda#dcfdea7b7013beef0a4d744d776ea38f
https://conda.anaconda.org/conda-forge/osx-64/bzip2-1.0.8-h374f1ed_10.conda#9d9a39212a876e4bb751c1cc3927b678
https://conda.anaconda.org/conda-forge/osx-64/libiconv-1.18-h57a12c2_2.conda#210a85a1119f97ea7887188d176db135
https://conda.anaconda.org/conda-forge/osx-64/openssl-3.6.3-hc881268_1.conda#da403ed66c373b5fb25266b4be662327
https://conda.anaconda.org/conda-forge/osx-64/libbladerf2-2024.05-h6e16a3a_2.conda#ae3075e73cb05f5847bf2007f746d4a7
https://conda.anaconda.org/conda-forge/osx-64/libairspyhf-1.6.8-h6e16a3a_1.conda#bf0d71747898f26d1fef38946cb76af7
https://conda.anaconda.org/conda-forge/osx-64/libairspy-1.0.10-h6e16a3a_1.conda#7e803ea72f42dc4369c5ebee111e8ec5
https://conda.anaconda.org/conda-forge/osx-64/liblimesuite-23.11.0-hcc62823_4.conda#7d94093a8c669f6f03456cdf2b789130
https://conda.anaconda.org/conda-forge/osx-64/tk-8.6.13-hb794df6_3.conda#bc699b366e49399bf8e5c6de99bb8cfb
https://conda.anaconda.org/conda-forge/osx-64/libsqlite-3.53.4-h77d7759_0.conda#993009426e1d3aa90eed155171bd59d8
https://conda.anaconda.org/conda-forge/osx-64/zstd-1.5.7-hbc1a06c_7.conda#c1d11f04327e40537ffe6cad5b131019
https://conda.anaconda.org/conda-forge/osx-64/readline-8.3-h68b038d_0.conda#eefd65452dfe7cce476a519bece46704
https://conda.anaconda.org/conda-forge/osx-64/libxml2-16-2.15.3-h0d7f165_0.conda#5eb194ed01ed3f5a64b6fcec1b399d96
https://conda.anaconda.org/conda-forge/osx-64/python-3.14.6-hb933c43_102_cp314.conda#8c2a3f8e3e9aaca5d8336deca3ba483b
https://conda.anaconda.org/conda-forge/osx-64/libxml2-2.15.3-h0712280_0.conda#81ac54c8b2eb51fceb94eb0817b93cf3
https://conda.anaconda.org/conda-forge/osx-64/soapysdr-0.8.1-py314h9ae6367_6.conda#468b24c535f8cca06c086c26397ff453
https://conda.anaconda.org/conda-forge/osx-64/libiio-c-0.26-h573940b_2.conda#f5790a73472fcfba2bfe0eabd9bf175a
https://conda.anaconda.org/conda-forge/osx-64/soapysdr-module-lms7-23.11.0-hc0bd658_4.conda#0db7c78c66fd7cf62623f2e13c85647e
https://conda.anaconda.org/conda-forge/osx-64/soapysdr-module-remote-0.5.2-ha64c28d_2.tar.bz2#b46013cf640ecbe5bfb5ecb01d53561c
https://conda.anaconda.org/conda-forge/osx-64/soapysdr-module-bladerf-0.4.2-hc7e36d0_0.conda#444cfbd5bd4cb3c7c2351de844255a5c
https://conda.anaconda.org/conda-forge/osx-64/soapysdr-module-airspyhf-0.2.0-ha64c28d_0.tar.bz2#db15c5581723856f829b15729a93b61b
https://conda.anaconda.org/conda-forge/osx-64/soapysdr-module-airspy-0.2.0-ha64c28d_0.tar.bz2#b59403f2f4c2a8a5e63e1c85eac94721
https://conda.anaconda.org/conda-forge/osx-64/libad9361-iio-c-0.3-h9eea90d_1.conda#e3aa77c08e7ed7988e2a3a958bf44ddf
https://conda.anaconda.org/conda-forge/osx-64/soapysdr-module-plutosdr-0.2.2-h71197eb_1.conda#88a8b909aaf5adc0bdffcc6a3dba281b
